// !$*UTF8*$!
{
	archiveVersion = 1;
	classes = {
	};
	objectVersion = 46;
	objects = {

/* Begin PBXBuildFile section */
		9497749C4FEB59A8D8354E8C /* Pods_BestBuyApi.framework in Frameworks */ = {isa = PBXBuildFile; fileRef = 2081019468F1818346206481 /* Pods_BestBuyApi.framework */; };
		B00282BB1DDE123600631216 /* AppDelegate.swift in Sources */ = {isa = PBXBuildFile; fileRef = B00282BA1DDE123600631216 /* AppDelegate.swift */; };
		B00282C01DDE123600631216 /* Main.storyboard in Resources */ = {isa = PBXBuildFile; fileRef = B00282BE1DDE123600631216 /* Main.storyboard */; };
		B00282C21DDE123600631216 /* Assets.xcassets in Resources */ = {isa = PBXBuildFile; fileRef = B00282C11DDE123600631216 /* Assets.xcassets */; };
		B00282C51DDE123600631216 /* LaunchScreen.storyboard in Resources */ = {isa = PBXBuildFile; fileRef = B00282C31DDE123600631216 /* LaunchScreen.storyboard */; };
		B00282D21DDE134100631216 /* DepartmentCell.swift in Sources */ = {isa = PBXBuildFile; fileRef = B00282D01DDE134100631216 /* DepartmentCell.swift */; };
		B00282D31DDE134100631216 /* DepartmentCell.xib in Resources */ = {isa = PBXBuildFile; fileRef = B00282D11DDE134100631216 /* DepartmentCell.xib */; };
		B00282DA1DDE157000631216 /* Roboto-Medium.ttf in Resources */ = {isa = PBXBuildFile; fileRef = B00282D81DDE157000631216 /* Roboto-Medium.ttf */; };
		B00282DB1DDE157000631216 /* Roboto-Regular.ttf in Resources */ = {isa = PBXBuildFile; fileRef = B00282D91DDE157000631216 /* Roboto-Regular.ttf */; };
		B00282E01DDE177400631216 /* DepartmentViewController.swift in Sources */ = {isa = PBXBuildFile; fileRef = B00282DF1DDE177400631216 /* DepartmentViewController.swift */; };
		B00282F41DDE250200631216 /* BestBuyApi.swift in Sources */ = {isa = PBXBuildFile; fileRef = B00282F31DDE250200631216 /* BestBuyApi.swift */; };
		B00282F71DDE344D00631216 /* Product.swift in Sources */ = {isa = PBXBuildFile; fileRef = B00282F61DDE344D00631216 /* Product.swift */; };
		B00282F91DDE357E00631216 /* BestBuyProducts.swift in Sources */ = {isa = PBXBuildFile; fileRef = B00282F81DDE357E00631216 /* BestBuyProducts.swift */; };
		B0AE6EA51DDE3FDA00420548 /* CategoriesCell.swift in Sources */ = {isa = PBXBuildFile; fileRef = B0AE6EA31DDE3FDA00420548 /* CategoriesCell.swift */; };
		B0AE6EA61DDE3FDA00420548 /* CategoriesCell.xib in Resources */ = {isa = PBXBuildFile; fileRef = B0AE6EA41DDE3FDA00420548 /* CategoriesCell.xib */; };
		B0AE6EA81DDE43A700420548 /* CategoriesViewController.swift in Sources */ = {isa = PBXBuildFile; fileRef = B0AE6EA71DDE43A700420548 /* CategoriesViewController.swift */; };
/* End PBXBuildFile section */

/* Begin PBXFileReference section */
		2081019468F1818346206481 /* Pods_BestBuyApi.framework */ = {isa = PBXFileReference; explicitFileType = wrapper.framework; includeInIndex = 0; path = Pods_BestBuyApi.framework; sourceTree = BUILT_PRODUCTS_DIR; };
		B00282B71DDE123600631216 /* BestBuyApi.app */ = {isa = PBXFileReference; explicitFileType = wrapper.application; includeInIndex = 0; path = BestBuyApi.app; sourceTree = BUILT_PRODUCTS_DIR; };
		B00282BA1DDE123600631216 /* AppDelegate.swift */ = {isa = PBXFileReference; lastKnownFileType = sourcecode.swift; path = AppDelegate.swift; sourceTree = "<group>"; };
		B00282BF1DDE123600631216 /* Base */ = {isa = PBXFileReference; lastKnownFileType = file.storyboard; name = Base; path = Base.lproj/Main.storyboard; sourceTree = "<group>"; };
		B00282C11DDE123600631216 /* Assets.xcassets */ = {isa = PBXFileReference; lastKnownFileType = folder.assetcatalog; name = Assets.xcassets; path = ../Assets.xcassets; sourceTree = "<group>"; };
		B00282C41DDE123600631216 /* Base */ = {isa = PBXFileReference; lastKnownFileType = file.storyboard; name = Base; path = Base.lproj/LaunchScreen.storyboard; sourceTree = "<group>"; };
		B00282C61DDE123600631216 /* Info.plist */ = {isa = PBXFileReference; lastKnownFileType = text.plist.xml; name = Info.plist; path = ../Info.plist; sourceTree = "<group>"; };
		B00282D01DDE134100631216 /* DepartmentCell.swift */ = {isa = PBXFileReference; fileEncoding = 4; lastKnownFileType = sourcecode.swift; path = DepartmentCell.swift; sourceTree = "<group>"; };
		B00282D11DDE134100631216 /* DepartmentCell.xib */ = {isa = PBXFileReference; fileEncoding = 4; lastKnownFileType = file.xib; path = DepartmentCell.xib; sourceTree = "<group>"; };
		B00282D81DDE157000631216 /* Roboto-Medium.ttf */ = {isa = PBXFileReference; lastKnownFileType = file; path = "Roboto-Medium.ttf"; sourceTree = "<group>"; };
		B00282D91DDE157000631216 /* Roboto-Regular.ttf */ = {isa = PBXFileReference; lastKnownFileType = file; path = "Roboto-Regular.ttf"; sourceTree = "<group>"; };
		B00282DF1DDE177400631216 /* DepartmentViewController.swift */ = {isa = PBXFileReference; fileEncoding = 4; lastKnownFileType = sourcecode.swift; path = DepartmentViewController.swift; sourceTree = "<group>"; };
		B00282F31DDE250200631216 /* BestBuyApi.swift */ = {isa = PBXFileReference; fileEncoding = 4; lastKnownFileType = sourcecode.swift; path = BestBuyApi.swift; sourceTree = "<group>"; };
		B00282F61DDE344D00631216 /* Product.swift */ = {isa = PBXFileReference; fileEncoding = 4; lastKnownFileType = sourcecode.swift; path = Product.swift; sourceTree = "<group>"; };
		B00282F81DDE357E00631216 /* BestBuyProducts.swift */ = {isa = PBXFileReference; fileEncoding = 4; lastKnownFileType = sourcecode.swift; path = BestBuyProducts.swift; sourceTree = "<group>"; };
		B0AE6EA31DDE3FDA00420548 /* CategoriesCell.swift */ = {isa = PBXFileReference; fileEncoding = 4; lastKnownFileType = sourcecode.swift; path = CategoriesCell.swift; sourceTree = "<group>"; };
		B0AE6EA41DDE3FDA00420548 /* CategoriesCell.xib */ = {isa = PBXFileReference; fileEncoding = 4; lastKnownFileType = file.xib; path = CategoriesCell.xib; sourceTree = "<group>"; };
		B0AE6EA71DDE43A700420548 /* CategoriesViewController.swift */ = {isa = PBXFileReference; fileEncoding = 4; lastKnownFileType = sourcecode.swift; path = CategoriesViewController.swift; sourceTree = "<group>"; };
		D0CC2052E2941908B1342F82 /* Pods-BestBuyApi.debug.xcconfig */ = {isa = PBXFileReference; includeInIndex = 1; lastKnownFileType = text.xcconfig; name = "Pods-BestBuyApi.debug.xcconfig"; path = "Pods/Target Support Files/Pods-BestBuyApi/Pods-BestBuyApi.debug.xcconfig"; sourceTree = "<group>"; };
		F41E3500B1CD1CD7FD04D958 /* Pods-BestBuyApi.release.xcconfig */ = {isa = PBXFileReference; includeInIndex = 1; lastKnownFileType = text.xcconfig; name = "Pods-BestBuyApi.release.xcconfig"; path = "Pods/Target Support Files/Pods-BestBuyApi/Pods-BestBuyApi.release.xcconfig"; sourceTree = "<group>"; };
/* End PBXFileReference section */

/* Begin PBXFrameworksBuildPhase section */
		B00282B41DDE123500631216 /* Frameworks */ = {
			isa = PBXFrameworksBuildPhase;
			buildActionMask = 2147483647;
			files = (
				9497749C4FEB59A8D8354E8C /* Pods_BestBuyApi.framework in Frameworks */,
			);
			runOnlyForDeploymentPostprocessing = 0;
		};
/* End PBXFrameworksBuildPhase section */

/* Begin PBXGroup section */
		31B8BEA230582CFFB097BFD6 /* Pods */ = {
			isa = PBXGroup;
			children = (
				D0CC2052E2941908B1342F82 /* Pods-BestBuyApi.debug.xcconfig */,
				F41E3500B1CD1CD7FD04D958 /* Pods-BestBuyApi.release.xcconfig */,
			);
			name = Pods;
			sourceTree = "<group>";
		};
		78FAFCF7323ADAF1C1E3A0C7 /* Frameworks */ = {
			isa = PBXGroup;
			children = (
				2081019468F1818346206481 /* Pods_BestBuyApi.framework */,
			);
			name = Frameworks;
			sourceTree = "<group>";
		};
		B00282AE1DDE123500631216 = {
			isa = PBXGroup;
			children = (
				B00282B91DDE123600631216 /* BestBuyApi */,
				B00282B81DDE123600631216 /* Products */,
				31B8BEA230582CFFB097BFD6 /* Pods */,
				78FAFCF7323ADAF1C1E3A0C7 /* Frameworks */,
			);
			sourceTree = "<group>";
		};
		B00282B81DDE123600631216 /* Products */ = {
			isa = PBXGroup;
			children = (
				B00282B71DDE123600631216 /* BestBuyApi.app */,
			);
			name = Products;
			sourceTree = "<group>";
		};
		B00282B91DDE123600631216 /* BestBuyApi */ = {
			isa = PBXGroup;
			children = (
				B00282BA1DDE123600631216 /* AppDelegate.swift */,
				B00282F21DDE24EE00631216 /* API */,
				B00282DC1DDE172D00631216 /* Controllers */,
				B00282F51DDE343900631216 /* Model */,
				B00282D41DDE13F200631216 /* Resources */,
				B00282E21DDE1C5000631216 /* Services */,
				B00282CE1DDE12E800631216 /* Views */,
			);
			path = BestBuyApi;
			sourceTree = "<group>";
		};
		B00282CE1DDE12E800631216 /* Views */ = {
			isa = PBXGroup;
			children = (
				B00282CF1DDE12E800631216 /* Cells */,
			);
			path = Views;
			sourceTree = "<group>";
		};
		B00282CF1DDE12E800631216 /* Cells */ = {
			isa = PBXGroup;
			children = (
				B00282D01DDE134100631216 /* DepartmentCell.swift */,
				B00282D11DDE134100631216 /* DepartmentCell.xib */,
				B0AE6EA31DDE3FDA00420548 /* CategoriesCell.swift */,
				B0AE6EA41DDE3FDA00420548 /* CategoriesCell.xib */,
			);
			path = Cells;
			sourceTree = "<group>";
		};
		B00282D41DDE13F200631216 /* Resources */ = {
			isa = PBXGroup;
			children = (
				B00282BE1DDE123600631216 /* Main.storyboard */,
				B00282C11DDE123600631216 /* Assets.xcassets */,
				B00282C31DDE123600631216 /* LaunchScreen.storyboard */,
				B00282C61DDE123600631216 /* Info.plist */,
				B00282D71DDE157000631216 /* Fonts */,
			);
			path = Resources;
			sourceTree = "<group>";
		};
		B00282D71DDE157000631216 /* Fonts */ = {
			isa = PBXGroup;
			children = (
				B00282D81DDE157000631216 /* Roboto-Medium.ttf */,
				B00282D91DDE157000631216 /* Roboto-Regular.ttf */,
			);
			path = Fonts;
			sourceTree = "<group>";
		};
		B00282DC1DDE172D00631216 /* Controllers */ = {
			isa = PBXGroup;
			children = (
				B00282DF1DDE177400631216 /* DepartmentViewController.swift */,
				B0AE6EA71DDE43A700420548 /* CategoriesViewController.swift */,
			);
			path = Controllers;
			sourceTree = "<group>";
		};
		B00282E21DDE1C5000631216 /* Services */ = {
			isa = PBXGroup;
			children = (
			);
			path = Services;
			sourceTree = "<group>";
		};
		B00282F21DDE24EE00631216 /* API */ = {
			isa = PBXGroup;
			children = (
				B00282F31DDE250200631216 /* BestBuyApi.swift */,
			);
			path = API;
			sourceTree = "<group>";
		};
		B00282F51DDE343900631216 /* Model */ = {
			isa = PBXGroup;
			children = (
				B00282F61DDE344D00631216 /* Product.swift */,
				B00282F81DDE357E00631216 /* BestBuyProducts.swift */,
			);
			path = Model;
			sourceTree = "<group>";
		};
/* End PBXGroup section */

/* Begin PBXNativeTarget section */
		B00282B61DDE123500631216 /* BestBuyApi */ = {
			isa = PBXNativeTarget;
			buildConfigurationList = B00282C91DDE123600631216 /* Build configuration list for PBXNativeTarget "BestBuyApi" */;
			buildPhases = (
				BA819582A6CC267D54E481DE /* [CP] Check Pods Manifest.lock */,
				B00282B31DDE123500631216 /* Sources */,
				B00282B41DDE123500631216 /* Frameworks */,
				B00282B51DDE123500631216 /* Resources */,
				668E961326674884209D168C /* [CP] Embed Pods Frameworks */,
				EEC14F25733F014AB94AF393 /* [CP] Copy Pods Resources */,
			);
			buildRules = (
			);
			dependencies = (
			);
			name = BestBuyApi;
			productName = BestBuyApi;
			productReference = B00282B71DDE123600631216 /* BestBuyApi.app */;
			productType = "com.apple.product-type.application";
		};
/* End PBXNativeTarget section */

/* Begin PBXProject section */
		B00282AF1DDE123500631216 /* Project object */ = {
			isa = PBXProject;
			attributes = {
				LastSwiftUpdateCheck = 0810;
				LastUpgradeCheck = 0810;
				ORGANIZATIONNAME = "Ana Finotti";
				TargetAttributes = {
					B00282B61DDE123500631216 = {
						CreatedOnToolsVersion = 8.1;
						DevelopmentTeam = VZB2Z99GV8;
						LastSwiftMigration = 0810;
						ProvisioningStyle = Automatic;
					};
				};
			};
			buildConfigurationList = B00282B21DDE123500631216 /* Build configuration list for PBXProject "BestBuyApi" */;
			compatibilityVersion = "Xcode 3.2";
			developmentRegion = English;
			hasScannedForEncodings = 0;
			knownRegions = (
				en,
				Base,
			);
			mainGroup = B00282AE1DDE123500631216;
			productRefGroup = B00282B81DDE123600631216 /* Products */;
			projectDirPath = "";
			projectRoot = "";
			targets = (
				B00282B61DDE123500631216 /* BestBuyApi */,
			);
		};
/* End PBXProject section */

/* Begin PBXResourcesBuildPhase section */
		B00282B51DDE123500631216 /* Resources */ = {
			isa = PBXResourcesBuildPhase;
			buildActionMask = 2147483647;
			files = (
				B0AE6EA61DDE3FDA00420548 /* CategoriesCell.xib in Resources */,
				B00282DB1DDE157000631216 /* Roboto-Regular.ttf in Resources */,
				B00282DA1DDE157000631216 /* Roboto-Medium.ttf in Resources */,
				B00282C51DDE123600631216 /* LaunchScreen.storyboard in Resources */,
				B00282C21DDE123600631216 /* Assets.xcassets in Resources */,
				B00282C01DDE123600631216 /* Main.storyboard in Resources */,
				B00282D31DDE134100631216 /* DepartmentCell.xib in Resources */,
			);
			runOnlyForDeploymentPostprocessing = 0;
		};
/* End PBXResourcesBuildPhase section */

/* Begin PBXShellScriptBuildPhase section */
		668E961326674884209D168C /* [CP] Embed Pods Frameworks */ = {
			isa = PBXShellScriptBuildPhase;
			buildActionMask = 2147483647;
			files = (
			);
			inputPaths = (
			);
			name = "[CP] Embed Pods Frameworks";
			outputPaths = (
			);
			runOnlyForDeploymentPostprocessing = 0;
			shellPath = /bin/sh;
			shellScript = "\"${SRCROOT}/Pods/Target Support Files/Pods-BestBuyApi/Pods-BestBuyApi-frameworks.sh\"\n";
			showEnvVarsInLog = 0;
		};
		BA819582A6CC267D54E481DE /* [CP] Check Pods Manifest.lock */ = {
			isa = PBXShellScriptBuildPhase;
			buildActionMask = 2147483647;
			files = (
			);
			inputPaths = (
			);
			name = "[CP] Check Pods Manifest.lock";
			outputPaths = (
			);
			runOnlyForDeploymentPostprocessing = 0;
			shellPath = /bin/sh;
			shellScript = "diff \"${PODS_ROOT}/../Podfile.lock\" \"${PODS_ROOT}/Manifest.lock\" > /dev/null\nif [ $? != 0 ] ; then\n    # print error to STDERR\n    echo \"error: The sandbox is not in sync with the Podfile.lock. Run 'pod install' or update your CocoaPods installation.\" >&2\n    exit 1\nfi\n";
			showEnvVarsInLog = 0;
		};
		EEC14F25733F014AB94AF393 /* [CP] Copy Pods Resources */ = {
			isa = PBXShellScriptBuildPhase;
			buildActionMask = 2147483647;
			files = (
			);
			inputPaths = (
			);
			name = "[CP] Copy Pods Resources";
			outputPaths = (
			);
			runOnlyForDeploymentPostprocessing = 0;
			shellPath = /bin/sh;
			shellScript = "\"${SRCROOT}/Pods/Target Support Files/Pods-BestBuyApi/Pods-BestBuyApi-resources.sh\"\n";
			showEnvVarsInLog = 0;
		};
/* End PBXShellScriptBuildPhase section */

/* Begin PBXSourcesBuildPhase section */
		B00282B31DDE123500631216 /* Sources */ = {
			isa = PBXSourcesBuildPhase;
			buildActionMask = 2147483647;
			files = (
				B00282F91DDE357E00631216 /* BestBuyProducts.swift in Sources */,
				B0AE6EA51DDE3FDA00420548 /* CategoriesCell.swift in Sources */,
				B00282E01DDE177400631216 /* DepartmentViewController.swift in Sources */,
				B00282D21DDE134100631216 /* DepartmentCell.swift in Sources */,
				B00282F71DDE344D00631216 /* Product.swift in Sources */,
				B00282BB1DDE123600631216 /* AppDelegate.swift in Sources */,
				B0AE6EA81DDE43A700420548 /* CategoriesViewController.swift in Sources */,
				B00282F41DDE250200631216 /* BestBuyApi.swift in Sources */,
			);
			runOnlyForDeploymentPostprocessing = 0;
		};
/* End PBXSourcesBuildPhase section */

/* Begin PBXVariantGroup section */
		B00282BE1DDE123600631216 /* Main.storyboard */ = {
			isa = PBXVariantGroup;
			children = (
				B00282BF1DDE123600631216 /* Base */,
			);
			name = Main.storyboard;
			path = ..;
			sourceTree = "<group>";
		};
		B00282C31DDE123600631216 /* LaunchScreen.storyboard */ = {
			isa = PBXVariantGroup;
			children = (
				B00282C41DDE123600631216 /* Base */,
			);
			name = LaunchScreen.storyboard;
			path = ..;
			sourceTree = "<group>";
		};
/* End PBXVariantGroup section */

/* Begin XCBuildConfiguration section */
		B00282C71DDE123600631216 /* Debug */ = {
			isa = XCBuildConfiguration;
			buildSettings = {
				ALWAYS_SEARCH_USER_PATHS = NO;
				CLANG_ANALYZER_NONNULL = YES;
				CLANG_CXX_LANGUAGE_STANDARD = "gnu++0x";
				CLANG_CXX_LIBRARY = "libc++";
				CLANG_ENABLE_MODULES = YES;
				CLANG_ENABLE_OBJC_ARC = YES;
				CLANG_WARN_BOOL_CONVERSION = YES;
				CLANG_WARN_CONSTANT_CONVERSION = YES;
				CLANG_WARN_DIRECT_OBJC_ISA_USAGE = YES_ERROR;
				CLANG_WARN_DOCUMENTATION_COMMENTS = YES;
				CLANG_WARN_EMPTY_BODY = YES;
				CLANG_WARN_ENUM_CONVERSION = YES;
				CLANG_WARN_INFINITE_RECURSION = YES;
				CLANG_WARN_INT_CONVERSION = YES;
				CLANG_WARN_OBJC_ROOT_CLASS = YES_ERROR;
				CLANG_WARN_SUSPICIOUS_MOVES = YES;
				CLANG_WARN_UNREACHABLE_CODE = YES;
				CLANG_WARN__DUPLICATE_METHOD_MATCH = YES;
				"CODE_SIGN_IDENTITY[sdk=iphoneos*]" = "iPhone Developer";
				COPY_PHASE_STRIP = NO;
				DEBUG_INFORMATION_FORMAT = dwarf;
				ENABLE_STRICT_OBJC_MSGSEND = YES;
				ENABLE_TESTABILITY = YES;
				GCC_C_LANGUAGE_STANDARD = gnu99;
				GCC_DYNAMIC_NO_PIC = NO;
				GCC_NO_COMMON_BLOCKS = YES;
				GCC_OPTIMIZATION_LEVEL = 0;
				GCC_PREPROCESSOR_DEFINITIONS = (
					"DEBUG=1",
					"$(inherited)",
				);
				GCC_WARN_64_TO_32_BIT_CONVERSION = YES;
				GCC_WARN_ABOUT_RETURN_TYPE = YES_ERROR;
				GCC_WARN_UNDECLARED_SELECTOR = YES;
				GCC_WARN_UNINITIALIZED_AUTOS = YES_AGGRESSIVE;
				GCC_WARN_UNUSED_FUNCTION = YES;
				GCC_WARN_UNUSED_VARIABLE = YES;
				IPHONEOS_DEPLOYMENT_TARGET = 10.1;
				MTL_ENABLE_DEBUG_INFO = YES;
				ONLY_ACTIVE_ARCH = YES;
				SDKROOT = iphoneos;
				SWIFT_ACTIVE_COMPILATION_CONDITIONS = DEBUG;
				SWIFT_OPTIMIZATION_LEVEL = "-Onone";
			};
			name = Debug;
		};
		B00282C81DDE123600631216 /* Release */ = {
			isa = XCBuildConfiguration;
			buildSettings = {
				ALWAYS_SEARCH_USER_PATHS = NO;
				CLANG_ANALYZER_NONNULL = YES;
				CLANG_CXX_LANGUAGE_STANDARD = "gnu++0x";
				CLANG_CXX_LIBRARY = "libc++";
				CLANG_ENABLE_MODULES = YES;
				CLANG_ENABLE_OBJC_ARC = YES;
				CLANG_WARN_BOOL_CONVERSION = YES;
				CLANG_WARN_CONSTANT_CONVERSION = YES;
				CLANG_WARN_DIRECT_OBJC_ISA_USAGE = YES_ERROR;
				CLANG_WARN_DOCUMENTATION_COMMENTS = YES;
				CLANG_WARN_EMPTY_BODY = YES;
				CLANG_WARN_ENUM_CONVERSION = YES;
				CLANG_WARN_INFINITE_RECURSION = YES;
				CLANG_WARN_INT_CONVERSION = YES;
				CLANG_WARN_OBJC_ROOT_CLASS = YES_ERROR;
				CLANG_WARN_SUSPICIOUS_MOVES = YES;
				CLANG_WARN_UNREACHABLE_CODE = YES;
				CLANG_WARN__DUPLICATE_METHOD_MATCH = YES;
				"CODE_SIGN_IDENTITY[sdk=iphoneos*]" = "iPhone Developer";
				COPY_PHASE_STRIP = NO;
				DEBUG_INFORMATION_FORMAT = "dwarf-with-dsym";
				ENABLE_NS_ASSERTIONS = NO;
				ENABLE_STRICT_OBJC_MSGSEND = YES;
				GCC_C_LANGUAGE_STANDARD = gnu99;
				GCC_NO_COMMON_BLOCKS = YES;
				GCC_WARN_64_TO_32_BIT_CONVERSION = YES;
				GCC_WARN_ABOUT_RETURN_TYPE = YES_ERROR;
				GCC_WARN_UNDECLARED_SELECTOR = YES;
				GCC_WARN_UNINITIALIZED_AUTOS = YES_AGGRESSIVE;
				GCC_WARN_UNUSED_FUNCTION = YES;
				GCC_WARN_UNUSED_VARIABLE = YES;
				IPHONEOS_DEPLOYMENT_TARGET = 10.1;
				MTL_ENABLE_DEBUG_INFO = NO;
				SDKROOT = iphoneos;
				SWIFT_OPTIMIZATION_LEVEL = "-Owholemodule";
				VALIDATE_PRODUCT = YES;
			};
			name = Release;
		};
		B00282CA1DDE123600631216 /* Debug */ = {
			isa = XCBuildConfiguration;
			baseConfigurationReference = D0CC2052E2941908B1342F82 /* Pods-BestBuyApi.debug.xcconfig */;
			buildSettings = {
				ASSETCATALOG_COMPILER_APPICON_NAME = AppIcon;
				DEVELOPMENT_TEAM = VZB2Z99GV8;
				INFOPLIST_FILE = BestBuyApi/Info.plist;
				LD_RUNPATH_SEARCH_PATHS = "$(inherited) @executable_path/Frameworks";
				PRODUCT_BUNDLE_IDENTIFIER = Finotti.BestBuyApi;
				PRODUCT_NAME = "$(TARGET_NAME)";
				SWIFT_VERSION = 3.0;
			};
			name = Debug;
		};
		B00282CB1DDE123600631216 /* Release */ = {
			isa = XCBuildConfiguration;
			baseConfigurationReference = F41E3500B1CD1CD7FD04D958 /* Pods-BestBuyApi.release.xcconfig */;
			buildSettings = {
				ASSETCATALOG_COMPILER_APPICON_NAME = AppIcon;
				DEVELOPMENT_TEAM = VZB2Z99GV8;
				INFOPLIST_FILE = BestBuyApi/Info.plist;
				LD_RUNPATH_SEARCH_PATHS = "$(inherited) @executable_path/Frameworks";
				PRODUCT_BUNDLE_IDENTIFIER = Finotti.BestBuyApi;
				PRODUCT_NAME = "$(TARGET_NAME)";
				SWIFT_VERSION = 3.0;
			};
			name = Release;
		};
/* End XCBuildConfiguration section */

/* Begin XCConfigurationList section */
		B00282B21DDE123500631216 /* Build configuration list for PBXProject "BestBuyApi" */ = {
			isa = XCConfigurationList;
			buildConfigurations = (
				B00282C71DDE123600631216 /* Debug */,
				B00282C81DDE123600631216 /* Release */,
			);
			defaultConfigurationIsVisible = 0;
			defaultConfigurationName = Release;
		};
		B00282C91DDE123600631216 /* Build configuration list for PBXNativeTarget "BestBuyApi" */ = {
			isa = XCConfigurationList;
			buildConfigurations = (
				B00282CA1DDE123600631216 /* Debug */,
				B00282CB1DDE123600631216 /* Release */,
			);
			defaultConfigurationIsVisible = 0;
			defaultConfigurationName = Release;
		};
/* End XCConfigurationList section */
	};
	rootObject = B00282AF1DDE123500631216 /* Project object */;
}
